
Microsoft Visual Studio Solution File, Format Version 12.00
# Visual Studio Version 16
VisualStudioVersion = 16.0.31729.503
MinimumVisualStudioVersion = 10.0.40219.1
Project("{2150E333-8FDC-42A3-9474-1A3956D46DE8}") = "Presentation Layer", "Presentation Layer", "{F325CF83-2E65-44B2-ACF0-580B144C5C91}"
EndProject
Project("{2150E333-8FDC-42A3-9474-1A3956D46DE8}") = "Data Layer", "Data Layer", "{DDEFAB79-8B19-4236-8B9B-94D7D8204E79}"
EndProject
Project("{2150E333-8FDC-42A3-9474-1A3956D46DE8}") = "Business Layer", "Business Layer", "{A9187EF5-FC21-45A3-8A1C-BDE04D327003}"
EndProject
Project("{9A19103F-16F7-4668-BE54-9A1E7A4F7556}") = "BusinessObject", "BusinessObject\BusinessObject.csproj", "{6C0C9594-0D63-4235-8044-BAE30A31A7C9}"
EndProject
Project("{9A19103F-16F7-4668-BE54-9A1E7A4F7556}") = "DataAccess", "DataAccess\DataAccess.csproj", "{1650B205-1E9B-4D17-A21F-9655F63CE4F5}"
EndProject
Project("{FAE04EC0-301F-11D3-BF4B-00C04F79EFBC}") = "ShoeManagementApp", "ShoeManagementApp\ShoeManagementApp.csproj", "{9BB8A89D-4C68-4A67-9832-B8BAE7A5DDBC}"
EndProject
Global
	GlobalSection(SolutionConfigurationPlatforms) = preSolution
		Debug|Any CPU = Debug|Any CPU
		Release|Any CPU = Release|Any CPU
	EndGlobalSection
	GlobalSection(ProjectConfigurationPlatforms) = postSolution
		{6C0C9594-0D63-4235-8044-BAE30A31A7C9}.Debug|Any CPU.ActiveCfg = Debug|Any CPU
		{6C0C9594-0D63-4235-8044-BAE30A31A7C9}.Debug|Any CPU.Build.0 = Debug|Any CPU
		{6C0C9594-0D63-4235-8044-BAE30A31A7C9}.Release|Any CPU.ActiveCfg = Release|Any CPU
		{6C0C9594-0D63-4235-8044-BAE30A31A7C9}.Release|Any CPU.Build.0 = Release|Any CPU
		{1650B205-1E9B-4D17-A21F-9655F63CE4F5}.Debug|Any CPU.ActiveCfg = Debug|Any CPU
		{1650B205-1E9B-4D17-A21F-9655F63CE4F5}.Debug|Any CPU.Build.0 = Debug|Any CPU
		{1650B205-1E9B-4D17-A21F-9655F63CE4F5}.Release|Any CPU.ActiveCfg = Release|Any CPU
		{1650B205-1E9B-4D17-A21F-9655F63CE4F5}.Release|Any CPU.Build.0 = Release|Any CPU
		{9BB8A89D-4C68-4A67-9832-B8BAE7A5DDBC}.Debug|Any CPU.ActiveCfg = Debug|Any CPU
		{9BB8A89D-4C68-4A67-9832-B8BAE7A5DDBC}.Debug|Any CPU.Build.0 = Debug|Any CPU
		{9BB8A89D-4C68-4A67-9832-B8BAE7A5DDBC}.Release|Any CPU.ActiveCfg = Release|Any CPU
		{9BB8A89D-4C68-4A67-9832-B8BAE7A5DDBC}.Release|Any CPU.Build.0 = Release|Any CPU
	EndGlobalSection
	GlobalSection(SolutionProperties) = preSolution
		HideSolutionNode = FALSE
	EndGlobalSection
	GlobalSection(NestedProjects) = preSolution
		{6C0C9594-0D63-4235-8044-BAE30A31A7C9} = {A9187EF5-FC21-45A3-8A1C-BDE04D327003}
		{1650B205-1E9B-4D17-A21F-9655F63CE4F5} = {DDEFAB79-8B19-4236-8B9B-94D7D8204E79}
		{9BB8A89D-4C68-4A67-9832-B8BAE7A5DDBC} = {F325CF83-2E65-44B2-ACF0-580B144C5C91}
	EndGlobalSection
	GlobalSection(ExtensibilityGlobals) = postSolution
		SolutionGuid = {BCFBFC3C-35ED-4694-B9B7-354A0F7AD546}
	EndGlobalSection
EndGlobal
